{
  "version": 4,
  "terraform_version": "1.6.2",
  "serial": 179,
  "lineage": "366706a7-059d-95ef-f418-59ba2e91d829",
  "outputs": {},
  "resources": [
    {
      "mode": "managed",
      "type": "local_file",
      "name": "hosts_ini",
      "provider": "provider[\"registry.terraform.io/hashicorp/local\"]",
      "instances": [
        {
          "schema_version": 0,
          "attributes": {
            "content": "[all]\n84.201.154.38\n89.169.163.169\n89.169.161.143\n89.169.165.253\n[iscsi_servers]\n84.201.154.38\n[pcs-servers]\n89.169.163.169\n89.169.161.143\n89.169.165.253\n",
            "content_base64": null,
            "content_base64sha256": "ngArHlVWQ3/g26RPCzeBT2Ozk+PQI+4feWfNUTdVZCg=",
            "content_base64sha512": "+vTi9i9Fra/4SyA3EIijtCTXdevI+fEssNS7cgF/oIDUbnbRZRAvKCA4lVDnKfQrNZubk8X/knSXdXR+Hv24nQ==",
            "content_md5": "f71724ba1c9aa6b9ccfc6537a4dc5436",
            "content_sha1": "9377366cd2d237d599bf5204498e7292729fa4ae",
            "content_sha256": "9e002b1e5556437fe0dba44f0b37814f63b393e3d023ee1f7967cd5137556428",
            "content_sha512": "faf4e2f62f45adaff84b20371088a3b424d775ebc8f9f12cb0d4bb72017fa080d46e76d165102f2820389550e729f42b359b9b93c5ff92749775747e1efdb89d",
            "directory_permission": "0777",
            "file_permission": "0777",
            "filename": "./ansible-provision/hosts.ini",
            "id": "9377366cd2d237d599bf5204498e7292729fa4ae",
            "sensitive_content": null,
            "source": null
          },
          "sensitive_attributes": [],
          "dependencies": [
            "yandex_compute_disk.iscsi-secondary-data-disk",
            "yandex_compute_instance.iscsi-node",
            "yandex_compute_instance.psnodes",
            "yandex_vpc_network.ru-central1-b-servers-network-1",
            "yandex_vpc_subnet.iscsi-node-subnet-1",
            "yandex_vpc_subnet.iscsi-node-subnet-2",
            "yandex_vpc_subnet.iscsi-node-subnet-3",
            "yandex_vpc_subnet.psnode-subnet-1",
            "yandex_vpc_subnet.psnode-subnet-2"
          ]
        }
      ]
    },
    {
      "mode": "managed",
      "type": "null_resource",
      "name": "ansible-install-psnode",
      "provider": "provider[\"registry.terraform.io/hashicorp/null\"]",
      "instances": [
        {
          "schema_version": 0,
          "attributes": {
            "id": "7108106681416434551",
            "triggers": {
              "always_run": "2024-08-13T12:04:28Z"
            }
          },
          "sensitive_attributes": [],
          "dependencies": [
            "yandex_compute_disk.iscsi-secondary-data-disk",
            "yandex_compute_instance.iscsi-node",
            "yandex_compute_instance.psnodes",
            "yandex_vpc_network.ru-central1-b-servers-network-1",
            "yandex_vpc_subnet.iscsi-node-subnet-1",
            "yandex_vpc_subnet.iscsi-node-subnet-2",
            "yandex_vpc_subnet.iscsi-node-subnet-3",
            "yandex_vpc_subnet.psnode-subnet-1",
            "yandex_vpc_subnet.psnode-subnet-2"
          ]
        }
      ]
    },
    {
      "mode": "managed",
      "type": "yandex_compute_disk",
      "name": "iscsi-secondary-data-disk",
      "provider": "provider[\"registry.terraform.io/yandex-cloud/yandex\"]",
      "instances": [
        {
          "schema_version": 0,
          "attributes": {
            "allow_recreate": null,
            "block_size": 4096,
            "created_at": "2024-08-13T12:02:17Z",
            "description": "",
            "disk_placement_policy": [
              {
                "disk_placement_group_id": ""
              }
            ],
            "folder_id": "b1g0khs670dnper1liqf",
            "id": "epdnqr7cs14eh8tceb9r",
            "image_id": "",
            "labels": null,
            "name": "iscsi-secondary-data-disk-01",
            "product_ids": [],
            "size": 1,
            "snapshot_id": "",
            "status": "ready",
            "timeouts": null,
            "type": "network-hdd",
            "zone": "ru-central1-b"
          },
          "sensitive_attributes": [],
          "private": "eyJlMmJmYjczMC1lY2FhLTExZTYtOGY4OC0zNDM2M2JjN2M0YzAiOnsiY3JlYXRlIjozMDAwMDAwMDAwMDAsImRlbGV0ZSI6MzAwMDAwMDAwMDAwLCJ1cGRhdGUiOjMwMDAwMDAwMDAwMH19"
        }
      ]
    },
    {
      "mode": "managed",
      "type": "yandex_compute_instance",
      "name": "iscsi-node",
      "provider": "provider[\"registry.terraform.io/yandex-cloud/yandex\"]",
      "instances": [
        {
          "index_key": 0,
          "schema_version": 1,
          "attributes": {
            "allow_recreate": null,
            "allow_stopping_for_update": true,
            "boot_disk": [
              {
                "auto_delete": true,
                "device_name": "epd20kk0drqfoo4ub06o",
                "disk_id": "epd20kk0drqfoo4ub06o",
                "initialize_params": [
                  {
                    "block_size": 4096,
                    "description": "",
                    "image_id": "fd8p7vi5c5bbs2s5i67s",
                    "name": "",
                    "size": 10,
                    "snapshot_id": "",
                    "type": "network-ssd"
                  }
                ],
                "mode": "READ_WRITE"
              }
            ],
            "created_at": "2024-08-13T12:02:26Z",
            "description": "",
            "filesystem": [],
            "folder_id": "b1g0khs670dnper1liqf",
            "fqdn": "iscsi-node-1.ru-central1.internal",
            "gpu_cluster_id": "",
            "hostname": "iscsi-node-1",
            "id": "epdq23bjv0rruqnvd4kq",
            "labels": null,
            "local_disk": [],
            "maintenance_grace_period": "",
            "maintenance_policy": null,
            "metadata": {
              "user-data": "#cloud-config\nusers:\n  - name: alex\n    groups: sudo\n    shell: /bin/bash\n    sudo: 'ALL=(ALL) NOPASSWD:ALL'\n    ssh-authorized-keys:\n    - ssh-ed25519 AAAAC3NzaC1lZDI1NTE5AAAAIBZmmMrI/haQjD5sk1MJfBQKIv4/tgN9tFlJlcUMVZnD alex@alex-d\n"
            },
            "metadata_options": [
              {
                "aws_v1_http_endpoint": 1,
                "aws_v1_http_token": 2,
                "gce_http_endpoint": 1,
                "gce_http_token": 1
              }
            ],
            "name": "iscsi-node",
            "network_acceleration_type": "standard",
            "network_interface": [
              {
                "dns_record": [],
                "index": 0,
                "ip_address": "172.19.0.6",
                "ipv4": true,
                "ipv6": false,
                "ipv6_address": "",
                "ipv6_dns_record": [],
                "mac_address": "d0:0d:1a:10:d7:3f",
                "nat": true,
                "nat_dns_record": [],
                "nat_ip_address": "84.201.154.38",
                "nat_ip_version": "IPV4",
                "security_group_ids": [],
                "subnet_id": "e2lsrfkkuf5mt2cde03p"
              },
              {
                "dns_record": [],
                "index": 1,
                "ip_address": "172.16.0.200",
                "ipv4": true,
                "ipv6": false,
                "ipv6_address": "",
                "ipv6_dns_record": [],
                "mac_address": "d0:1d:1a:10:d7:3f",
                "nat": false,
                "nat_dns_record": [],
                "nat_ip_address": "",
                "nat_ip_version": "",
                "security_group_ids": [],
                "subnet_id": "e2ln9np1vt2ocu9ei8g8"
              },
              {
                "dns_record": [],
                "index": 2,
                "ip_address": "172.16.1.200",
                "ipv4": true,
                "ipv6": false,
                "ipv6_address": "",
                "ipv6_dns_record": [],
                "mac_address": "d0:2d:1a:10:d7:3f",
                "nat": false,
                "nat_dns_record": [],
                "nat_ip_address": "",
                "nat_ip_version": "",
                "security_group_ids": [],
                "subnet_id": "e2lpkca4fni17f6c3290"
              }
            ],
            "placement_policy": [
              {
                "host_affinity_rules": [],
                "placement_group_id": "",
                "placement_group_partition": 0
              }
            ],
            "platform_id": "standard-v1",
            "resources": [
              {
                "core_fraction": 100,
                "cores": 2,
                "gpus": 0,
                "memory": 2
              }
            ],
            "scheduling_policy": [
              {
                "preemptible": false
              }
            ],
            "secondary_disk": [
              {
                "auto_delete": false,
                "device_name": "epdnqr7cs14eh8tceb9r",
                "disk_id": "epdnqr7cs14eh8tceb9r",
                "mode": "READ_WRITE"
              }
            ],
            "service_account_id": "",
            "status": "running",
            "timeouts": null,
            "zone": "ru-central1-b"
          },
          "sensitive_attributes": [],
          "private": "eyJlMmJmYjczMC1lY2FhLTExZTYtOGY4OC0zNDM2M2JjN2M0YzAiOnsiY3JlYXRlIjozMDAwMDAwMDAwMDAsImRlbGV0ZSI6MzAwMDAwMDAwMDAwLCJ1cGRhdGUiOjMwMDAwMDAwMDAwMH0sInNjaGVtYV92ZXJzaW9uIjoiMSJ9",
          "dependencies": [
            "yandex_compute_disk.iscsi-secondary-data-disk",
            "yandex_vpc_network.ru-central1-b-servers-network-1",
            "yandex_vpc_subnet.iscsi-node-subnet-1",
            "yandex_vpc_subnet.iscsi-node-subnet-2",
            "yandex_vpc_subnet.iscsi-node-subnet-3"
          ]
        }
      ]
    },
    {
      "mode": "managed",
      "type": "yandex_compute_instance",
      "name": "psnodes",
      "provider": "provider[\"registry.terraform.io/yandex-cloud/yandex\"]",
      "instances": [
        {
          "index_key": 0,
          "schema_version": 1,
          "attributes": {
            "allow_recreate": null,
            "allow_stopping_for_update": true,
            "boot_disk": [
              {
                "auto_delete": true,
                "device_name": "epdfdo56l97i8v9665vs",
                "disk_id": "epdfdo56l97i8v9665vs",
                "initialize_params": [
                  {
                    "block_size": 4096,
                    "description": "",
                    "image_id": "fd8p7vi5c5bbs2s5i67s",
                    "name": "",
                    "size": 10,
                    "snapshot_id": "",
                    "type": "network-ssd"
                  }
                ],
                "mode": "READ_WRITE"
              }
            ],
            "created_at": "2024-08-13T12:03:14Z",
            "description": "",
            "filesystem": [],
            "folder_id": "b1g0khs670dnper1liqf",
            "fqdn": "psnode-1.ru-central1.internal",
            "gpu_cluster_id": "",
            "hostname": "psnode-1",
            "id": "epd2if2nbvn0ual3vp2s",
            "labels": null,
            "local_disk": [],
            "maintenance_grace_period": "",
            "maintenance_policy": null,
            "metadata": {
              "user-data": "#cloud-config\nusers:\n  - name: alex\n    groups: sudo\n    shell: /bin/bash\n    sudo: 'ALL=(ALL) NOPASSWD:ALL'\n    ssh-authorized-keys:\n    - ssh-ed25519 AAAAC3NzaC1lZDI1NTE5AAAAIBZmmMrI/haQjD5sk1MJfBQKIv4/tgN9tFlJlcUMVZnD alex@alex-d\n"
            },
            "metadata_options": [
              {
                "aws_v1_http_endpoint": 1,
                "aws_v1_http_token": 2,
                "gce_http_endpoint": 1,
                "gce_http_token": 1
              }
            ],
            "name": "psnode-1",
            "network_acceleration_type": "standard",
            "network_interface": [
              {
                "dns_record": [],
                "index": 0,
                "ip_address": "172.18.0.18",
                "ipv4": true,
                "ipv6": false,
                "ipv6_address": "",
                "ipv6_dns_record": [],
                "mac_address": "d0:0d:29:3c:57:5f",
                "nat": true,
                "nat_dns_record": [],
                "nat_ip_address": "89.169.163.169",
                "nat_ip_version": "IPV4",
                "security_group_ids": [],
                "subnet_id": "e2lehr8gu9odek0ueqa1"
              },
              {
                "dns_record": [],
                "index": 1,
                "ip_address": "172.16.0.201",
                "ipv4": true,
                "ipv6": false,
                "ipv6_address": "",
                "ipv6_dns_record": [],
                "mac_address": "d0:1d:29:3c:57:5f",
                "nat": false,
                "nat_dns_record": [],
                "nat_ip_address": "",
                "nat_ip_version": "",
                "security_group_ids": [],
                "subnet_id": "e2ln9np1vt2ocu9ei8g8"
              },
              {
                "dns_record": [],
                "index": 2,
                "ip_address": "172.16.1.201",
                "ipv4": true,
                "ipv6": false,
                "ipv6_address": "",
                "ipv6_dns_record": [],
                "mac_address": "d0:2d:29:3c:57:5f",
                "nat": false,
                "nat_dns_record": [],
                "nat_ip_address": "",
                "nat_ip_version": "",
                "security_group_ids": [],
                "subnet_id": "e2lpkca4fni17f6c3290"
              },
              {
                "dns_record": [],
                "index": 3,
                "ip_address": "172.18.2.201",
                "ipv4": true,
                "ipv6": false,
                "ipv6_address": "",
                "ipv6_dns_record": [],
                "mac_address": "d0:3d:29:3c:57:5f",
                "nat": false,
                "nat_dns_record": [],
                "nat_ip_address": "",
                "nat_ip_version": "",
                "security_group_ids": [],
                "subnet_id": "e2leopmqj9eilagets99"
              }
            ],
            "placement_policy": [
              {
                "host_affinity_rules": [],
                "placement_group_id": "",
                "placement_group_partition": 0
              }
            ],
            "platform_id": "standard-v1",
            "resources": [
              {
                "core_fraction": 100,
                "cores": 2,
                "gpus": 0,
                "memory": 2
              }
            ],
            "scheduling_policy": [
              {
                "preemptible": false
              }
            ],
            "secondary_disk": [],
            "service_account_id": "",
            "status": "running",
            "timeouts": null,
            "zone": "ru-central1-b"
          },
          "sensitive_attributes": [],
          "private": "eyJlMmJmYjczMC1lY2FhLTExZTYtOGY4OC0zNDM2M2JjN2M0YzAiOnsiY3JlYXRlIjozMDAwMDAwMDAwMDAsImRlbGV0ZSI6MzAwMDAwMDAwMDAwLCJ1cGRhdGUiOjMwMDAwMDAwMDAwMH0sInNjaGVtYV92ZXJzaW9uIjoiMSJ9",
          "dependencies": [
            "yandex_compute_disk.iscsi-secondary-data-disk",
            "yandex_compute_instance.iscsi-node",
            "yandex_vpc_network.ru-central1-b-servers-network-1",
            "yandex_vpc_subnet.iscsi-node-subnet-1",
            "yandex_vpc_subnet.iscsi-node-subnet-2",
            "yandex_vpc_subnet.iscsi-node-subnet-3",
            "yandex_vpc_subnet.psnode-subnet-1",
            "yandex_vpc_subnet.psnode-subnet-2"
          ]
        },
        {
          "index_key": 1,
          "schema_version": 1,
          "attributes": {
            "allow_recreate": null,
            "allow_stopping_for_update": true,
            "boot_disk": [
              {
                "auto_delete": true,
                "device_name": "epdrnfhdv2dnn29gmqld",
                "disk_id": "epdrnfhdv2dnn29gmqld",
                "initialize_params": [
                  {
                    "block_size": 4096,
                    "description": "",
                    "image_id": "fd8p7vi5c5bbs2s5i67s",
                    "name": "",
                    "size": 10,
                    "snapshot_id": "",
                    "type": "network-ssd"
                  }
                ],
                "mode": "READ_WRITE"
              }
            ],
            "created_at": "2024-08-13T12:03:14Z",
            "description": "",
            "filesystem": [],
            "folder_id": "b1g0khs670dnper1liqf",
            "fqdn": "psnode-2.ru-central1.internal",
            "gpu_cluster_id": "",
            "hostname": "psnode-2",
            "id": "epdsnlp895oaen44kbb5",
            "labels": null,
            "local_disk": [],
            "maintenance_grace_period": "",
            "maintenance_policy": null,
            "metadata": {
              "user-data": "#cloud-config\nusers:\n  - name: alex\n    groups: sudo\n    shell: /bin/bash\n    sudo: 'ALL=(ALL) NOPASSWD:ALL'\n    ssh-authorized-keys:\n    - ssh-ed25519 AAAAC3NzaC1lZDI1NTE5AAAAIBZmmMrI/haQjD5sk1MJfBQKIv4/tgN9tFlJlcUMVZnD alex@alex-d\n"
            },
            "metadata_options": [
              {
                "aws_v1_http_endpoint": 1,
                "aws_v1_http_token": 2,
                "gce_http_endpoint": 1,
                "gce_http_token": 1
              }
            ],
            "name": "psnode-2",
            "network_acceleration_type": "standard",
            "network_interface": [
              {
                "dns_record": [],
                "index": 0,
                "ip_address": "172.18.0.31",
                "ipv4": true,
                "ipv6": false,
                "ipv6_address": "",
                "ipv6_dns_record": [],
                "mac_address": "d0:0d:1c:bd:72:84",
                "nat": true,
                "nat_dns_record": [],
                "nat_ip_address": "89.169.161.143",
                "nat_ip_version": "IPV4",
                "security_group_ids": [],
                "subnet_id": "e2lehr8gu9odek0ueqa1"
              },
              {
                "dns_record": [],
                "index": 1,
                "ip_address": "172.16.0.202",
                "ipv4": true,
                "ipv6": false,
                "ipv6_address": "",
                "ipv6_dns_record": [],
                "mac_address": "d0:1d:1c:bd:72:84",
                "nat": false,
                "nat_dns_record": [],
                "nat_ip_address": "",
                "nat_ip_version": "",
                "security_group_ids": [],
                "subnet_id": "e2ln9np1vt2ocu9ei8g8"
              },
              {
                "dns_record": [],
                "index": 2,
                "ip_address": "172.16.1.202",
                "ipv4": true,
                "ipv6": false,
                "ipv6_address": "",
                "ipv6_dns_record": [],
                "mac_address": "d0:2d:1c:bd:72:84",
                "nat": false,
                "nat_dns_record": [],
                "nat_ip_address": "",
                "nat_ip_version": "",
                "security_group_ids": [],
                "subnet_id": "e2lpkca4fni17f6c3290"
              },
              {
                "dns_record": [],
                "index": 3,
                "ip_address": "172.18.2.202",
                "ipv4": true,
                "ipv6": false,
                "ipv6_address": "",
                "ipv6_dns_record": [],
                "mac_address": "d0:3d:1c:bd:72:84",
                "nat": false,
                "nat_dns_record": [],
                "nat_ip_address": "",
                "nat_ip_version": "",
                "security_group_ids": [],
                "subnet_id": "e2leopmqj9eilagets99"
              }
            ],
            "placement_policy": [
              {
                "host_affinity_rules": [],
                "placement_group_id": "",
                "placement_group_partition": 0
              }
            ],
            "platform_id": "standard-v1",
            "resources": [
              {
                "core_fraction": 100,
                "cores": 2,
                "gpus": 0,
                "memory": 2
              }
            ],
            "scheduling_policy": [
              {
                "preemptible": false
              }
            ],
            "secondary_disk": [],
            "service_account_id": "",
            "status": "running",
            "timeouts": null,
            "zone": "ru-central1-b"
          },
          "sensitive_attributes": [],
          "private": "eyJlMmJmYjczMC1lY2FhLTExZTYtOGY4OC0zNDM2M2JjN2M0YzAiOnsiY3JlYXRlIjozMDAwMDAwMDAwMDAsImRlbGV0ZSI6MzAwMDAwMDAwMDAwLCJ1cGRhdGUiOjMwMDAwMDAwMDAwMH0sInNjaGVtYV92ZXJzaW9uIjoiMSJ9",
          "dependencies": [
            "yandex_compute_disk.iscsi-secondary-data-disk",
            "yandex_compute_instance.iscsi-node",
            "yandex_vpc_network.ru-central1-b-servers-network-1",
            "yandex_vpc_subnet.iscsi-node-subnet-1",
            "yandex_vpc_subnet.iscsi-node-subnet-2",
            "yandex_vpc_subnet.iscsi-node-subnet-3",
            "yandex_vpc_subnet.psnode-subnet-1",
            "yandex_vpc_subnet.psnode-subnet-2"
          ]
        },
        {
          "index_key": 2,
          "schema_version": 1,
          "attributes": {
            "allow_recreate": null,
            "allow_stopping_for_update": true,
            "boot_disk": [
              {
                "auto_delete": true,
                "device_name": "epd9ll7sfkcfmn0c674s",
                "disk_id": "epd9ll7sfkcfmn0c674s",
                "initialize_params": [
                  {
                    "block_size": 4096,
                    "description": "",
                    "image_id": "fd8p7vi5c5bbs2s5i67s",
                    "name": "",
                    "size": 10,
                    "snapshot_id": "",
                    "type": "network-ssd"
                  }
                ],
                "mode": "READ_WRITE"
              }
            ],
            "created_at": "2024-08-13T12:03:14Z",
            "description": "",
            "filesystem": [],
            "folder_id": "b1g0khs670dnper1liqf",
            "fqdn": "psnode-3.ru-central1.internal",
            "gpu_cluster_id": "",
            "hostname": "psnode-3",
            "id": "epd8qrlp1oca2m3f8349",
            "labels": null,
            "local_disk": [],
            "maintenance_grace_period": "",
            "maintenance_policy": null,
            "metadata": {
              "user-data": "#cloud-config\nusers:\n  - name: alex\n    groups: sudo\n    shell: /bin/bash\n    sudo: 'ALL=(ALL) NOPASSWD:ALL'\n    ssh-authorized-keys:\n    - ssh-ed25519 AAAAC3NzaC1lZDI1NTE5AAAAIBZmmMrI/haQjD5sk1MJfBQKIv4/tgN9tFlJlcUMVZnD alex@alex-d\n"
            },
            "metadata_options": [
              {
                "aws_v1_http_endpoint": 1,
                "aws_v1_http_token": 2,
                "gce_http_endpoint": 1,
                "gce_http_token": 1
              }
            ],
            "name": "psnode-3",
            "network_acceleration_type": "standard",
            "network_interface": [
              {
                "dns_record": [],
                "index": 0,
                "ip_address": "172.18.0.3",
                "ipv4": true,
                "ipv6": false,
                "ipv6_address": "",
                "ipv6_dns_record": [],
                "mac_address": "d0:0d:8d:6e:b9:0e",
                "nat": true,
                "nat_dns_record": [],
                "nat_ip_address": "89.169.165.253",
                "nat_ip_version": "IPV4",
                "security_group_ids": [],
                "subnet_id": "e2lehr8gu9odek0ueqa1"
              },
              {
                "dns_record": [],
                "index": 1,
                "ip_address": "172.16.0.203",
                "ipv4": true,
                "ipv6": false,
                "ipv6_address": "",
                "ipv6_dns_record": [],
                "mac_address": "d0:1d:8d:6e:b9:0e",
                "nat": false,
                "nat_dns_record": [],
                "nat_ip_address": "",
                "nat_ip_version": "",
                "security_group_ids": [],
                "subnet_id": "e2ln9np1vt2ocu9ei8g8"
              },
              {
                "dns_record": [],
                "index": 2,
                "ip_address": "172.16.1.203",
                "ipv4": true,
                "ipv6": false,
                "ipv6_address": "",
                "ipv6_dns_record": [],
                "mac_address": "d0:2d:8d:6e:b9:0e",
                "nat": false,
                "nat_dns_record": [],
                "nat_ip_address": "",
                "nat_ip_version": "",
                "security_group_ids": [],
                "subnet_id": "e2lpkca4fni17f6c3290"
              },
              {
                "dns_record": [],
                "index": 3,
                "ip_address": "172.18.2.203",
                "ipv4": true,
                "ipv6": false,
                "ipv6_address": "",
                "ipv6_dns_record": [],
                "mac_address": "d0:3d:8d:6e:b9:0e",
                "nat": false,
                "nat_dns_record": [],
                "nat_ip_address": "",
                "nat_ip_version": "",
                "security_group_ids": [],
                "subnet_id": "e2leopmqj9eilagets99"
              }
            ],
            "placement_policy": [
              {
                "host_affinity_rules": [],
                "placement_group_id": "",
                "placement_group_partition": 0
              }
            ],
            "platform_id": "standard-v1",
            "resources": [
              {
                "core_fraction": 100,
                "cores": 2,
                "gpus": 0,
                "memory": 2
              }
            ],
            "scheduling_policy": [
              {
                "preemptible": false
              }
            ],
            "secondary_disk": [],
            "service_account_id": "",
            "status": "running",
            "timeouts": null,
            "zone": "ru-central1-b"
          },
          "sensitive_attributes": [],
          "private": "eyJlMmJmYjczMC1lY2FhLTExZTYtOGY4OC0zNDM2M2JjN2M0YzAiOnsiY3JlYXRlIjozMDAwMDAwMDAwMDAsImRlbGV0ZSI6MzAwMDAwMDAwMDAwLCJ1cGRhdGUiOjMwMDAwMDAwMDAwMH0sInNjaGVtYV92ZXJzaW9uIjoiMSJ9",
          "dependencies": [
            "yandex_compute_disk.iscsi-secondary-data-disk",
            "yandex_compute_instance.iscsi-node",
            "yandex_vpc_network.ru-central1-b-servers-network-1",
            "yandex_vpc_subnet.iscsi-node-subnet-1",
            "yandex_vpc_subnet.iscsi-node-subnet-2",
            "yandex_vpc_subnet.iscsi-node-subnet-3",
            "yandex_vpc_subnet.psnode-subnet-1",
            "yandex_vpc_subnet.psnode-subnet-2"
          ]
        }
      ]
    },
    {
      "mode": "managed",
      "type": "yandex_vpc_network",
      "name": "ru-central1-b-servers-network-1",
      "provider": "provider[\"registry.terraform.io/yandex-cloud/yandex\"]",
      "instances": [
        {
          "schema_version": 0,
          "attributes": {
            "created_at": "2024-08-13T12:02:17Z",
            "default_security_group_id": "enpr1gf43lhoj25g29fg",
            "description": "",
            "folder_id": "b1g0khs670dnper1liqf",
            "id": "enpjc3ug1gpadtp1do1u",
            "labels": {},
            "name": "pcs-network-1",
            "subnet_ids": [],
            "timeouts": null
          },
          "sensitive_attributes": [],
          "private": "eyJlMmJmYjczMC1lY2FhLTExZTYtOGY4OC0zNDM2M2JjN2M0YzAiOnsiY3JlYXRlIjo2MDAwMDAwMDAwMCwiZGVsZXRlIjo2MDAwMDAwMDAwMCwidXBkYXRlIjo2MDAwMDAwMDAwMH19"
        }
      ]
    },
    {
      "mode": "managed",
      "type": "yandex_vpc_subnet",
      "name": "iscsi-node-subnet-1",
      "provider": "provider[\"registry.terraform.io/yandex-cloud/yandex\"]",
      "instances": [
        {
          "schema_version": 0,
          "attributes": {
            "created_at": "2024-08-13T12:02:22Z",
            "description": "",
            "dhcp_options": [],
            "folder_id": "b1g0khs670dnper1liqf",
            "id": "e2lsrfkkuf5mt2cde03p",
            "labels": {},
            "name": "iscsi-servers-subnet-1",
            "network_id": "enpjc3ug1gpadtp1do1u",
            "route_table_id": "",
            "timeouts": null,
            "v4_cidr_blocks": [
              "172.19.0.0/24"
            ],
            "v6_cidr_blocks": [],
            "zone": "ru-central1-b"
          },
          "sensitive_attributes": [],
          "private": "eyJlMmJmYjczMC1lY2FhLTExZTYtOGY4OC0zNDM2M2JjN2M0YzAiOnsiY3JlYXRlIjoxODAwMDAwMDAwMDAsImRlbGV0ZSI6MTgwMDAwMDAwMDAwLCJ1cGRhdGUiOjE4MDAwMDAwMDAwMH19",
          "dependencies": [
            "yandex_vpc_network.ru-central1-b-servers-network-1"
          ]
        }
      ]
    },
    {
      "mode": "managed",
      "type": "yandex_vpc_subnet",
      "name": "iscsi-node-subnet-2",
      "provider": "provider[\"registry.terraform.io/yandex-cloud/yandex\"]",
      "instances": [
        {
          "schema_version": 0,
          "attributes": {
            "created_at": "2024-08-13T12:02:21Z",
            "description": "",
            "dhcp_options": [],
            "folder_id": "b1g0khs670dnper1liqf",
            "id": "e2ln9np1vt2ocu9ei8g8",
            "labels": {},
            "name": "iscsi-node-subnet-2",
            "network_id": "enpjc3ug1gpadtp1do1u",
            "route_table_id": "",
            "timeouts": null,
            "v4_cidr_blocks": [
              "172.16.0.0/24"
            ],
            "v6_cidr_blocks": [],
            "zone": "ru-central1-b"
          },
          "sensitive_attributes": [],
          "private": "eyJlMmJmYjczMC1lY2FhLTExZTYtOGY4OC0zNDM2M2JjN2M0YzAiOnsiY3JlYXRlIjoxODAwMDAwMDAwMDAsImRlbGV0ZSI6MTgwMDAwMDAwMDAwLCJ1cGRhdGUiOjE4MDAwMDAwMDAwMH19",
          "dependencies": [
            "yandex_vpc_network.ru-central1-b-servers-network-1"
          ]
        }
      ]
    },
    {
      "mode": "managed",
      "type": "yandex_vpc_subnet",
      "name": "iscsi-node-subnet-3",
      "provider": "provider[\"registry.terraform.io/yandex-cloud/yandex\"]",
      "instances": [
        {
          "schema_version": 0,
          "attributes": {
            "created_at": "2024-08-13T12:02:20Z",
            "description": "",
            "dhcp_options": [],
            "folder_id": "b1g0khs670dnper1liqf",
            "id": "e2lpkca4fni17f6c3290",
            "labels": {},
            "name": "iscsi-node-subnet-3",
            "network_id": "enpjc3ug1gpadtp1do1u",
            "route_table_id": "",
            "timeouts": null,
            "v4_cidr_blocks": [
              "172.16.1.0/24"
            ],
            "v6_cidr_blocks": [],
            "zone": "ru-central1-b"
          },
          "sensitive_attributes": [],
          "private": "eyJlMmJmYjczMC1lY2FhLTExZTYtOGY4OC0zNDM2M2JjN2M0YzAiOnsiY3JlYXRlIjoxODAwMDAwMDAwMDAsImRlbGV0ZSI6MTgwMDAwMDAwMDAwLCJ1cGRhdGUiOjE4MDAwMDAwMDAwMH19",
          "dependencies": [
            "yandex_vpc_network.ru-central1-b-servers-network-1"
          ]
        }
      ]
    },
    {
      "mode": "managed",
      "type": "yandex_vpc_subnet",
      "name": "psnode-subnet-1",
      "provider": "provider[\"registry.terraform.io/yandex-cloud/yandex\"]",
      "instances": [
        {
          "schema_version": 0,
          "attributes": {
            "created_at": "2024-08-13T12:02:20Z",
            "description": "",
            "dhcp_options": [],
            "folder_id": "b1g0khs670dnper1liqf",
            "id": "e2lehr8gu9odek0ueqa1",
            "labels": {},
            "name": "psnode-server-subnet-1",
            "network_id": "enpjc3ug1gpadtp1do1u",
            "route_table_id": "",
            "timeouts": null,
            "v4_cidr_blocks": [
              "172.18.0.0/24"
            ],
            "v6_cidr_blocks": [],
            "zone": "ru-central1-b"
          },
          "sensitive_attributes": [],
          "private": "eyJlMmJmYjczMC1lY2FhLTExZTYtOGY4OC0zNDM2M2JjN2M0YzAiOnsiY3JlYXRlIjoxODAwMDAwMDAwMDAsImRlbGV0ZSI6MTgwMDAwMDAwMDAwLCJ1cGRhdGUiOjE4MDAwMDAwMDAwMH19",
          "dependencies": [
            "yandex_vpc_network.ru-central1-b-servers-network-1"
          ]
        }
      ]
    },
    {
      "mode": "managed",
      "type": "yandex_vpc_subnet",
      "name": "psnode-subnet-2",
      "provider": "provider[\"registry.terraform.io/yandex-cloud/yandex\"]",
      "instances": [
        {
          "schema_version": 0,
          "attributes": {
            "created_at": "2024-08-13T12:02:20Z",
            "description": "",
            "dhcp_options": [],
            "folder_id": "b1g0khs670dnper1liqf",
            "id": "e2leopmqj9eilagets99",
            "labels": {},
            "name": "psnode-subnet-2",
            "network_id": "enpjc3ug1gpadtp1do1u",
            "route_table_id": "",
            "timeouts": null,
            "v4_cidr_blocks": [
              "172.18.2.0/24"
            ],
            "v6_cidr_blocks": [],
            "zone": "ru-central1-b"
          },
          "sensitive_attributes": [],
          "private": "eyJlMmJmYjczMC1lY2FhLTExZTYtOGY4OC0zNDM2M2JjN2M0YzAiOnsiY3JlYXRlIjoxODAwMDAwMDAwMDAsImRlbGV0ZSI6MTgwMDAwMDAwMDAwLCJ1cGRhdGUiOjE4MDAwMDAwMDAwMH19",
          "dependencies": [
            "yandex_vpc_network.ru-central1-b-servers-network-1"
          ]
        }
      ]
    }
  ],
  "check_results": null
}
